// !$*UTF8*$!
{
	archiveVersion = 1;
	classes = {
	};
	objectVersion = 46;
	objects = {

/* Begin PBXBuildFile section */
		0E71F4ED1CDDCA790088DD98 /* SidebarController.m in Sources */ = {isa = PBXBuildFile; fileRef = 0E71F4EC1CDDCA790088DD98 /* SidebarController.m */; };
		598D49222B8181294CC0D510 /* libPods-DBFM.a in Frameworks */ = {isa = PBXBuildFile; fileRef = 682DBC7C84E314C7AF4A56F0 /* libPods-DBFM.a */; };
		62849ECB1CDCC7FB00DE71F0 /* main.m in Sources */ = {isa = PBXBuildFile; fileRef = 62849ECA1CDCC7FB00DE71F0 /* main.m */; };
		62849ECE1CDCC7FB00DE71F0 /* AppDelegate.m in Sources */ = {isa = PBXBuildFile; fileRef = 62849ECD1CDCC7FB00DE71F0 /* AppDelegate.m */; };
		62849ED11CDCC7FB00DE71F0 /* ViewController.m in Sources */ = {isa = PBXBuildFile; fileRef = 62849ED01CDCC7FB00DE71F0 /* ViewController.m */; };
		62849ED41CDCC7FB00DE71F0 /* Main.storyboard in Resources */ = {isa = PBXBuildFile; fileRef = 62849ED21CDCC7FB00DE71F0 /* Main.storyboard */; };
		62849ED61CDCC7FB00DE71F0 /* Assets.xcassets in Resources */ = {isa = PBXBuildFile; fileRef = 62849ED51CDCC7FB00DE71F0 /* Assets.xcassets */; };
		62849ED91CDCC7FB00DE71F0 /* LaunchScreen.storyboard in Resources */ = {isa = PBXBuildFile; fileRef = 62849ED71CDCC7FB00DE71F0 /* LaunchScreen.storyboard */; };
		62849EE11CDCC90200DE71F0 /* MediaPlayer.framework in Frameworks */ = {isa = PBXBuildFile; fileRef = 62849EE01CDCC90200DE71F0 /* MediaPlayer.framework */; };
		62849EE81CDCCAE900DE71F0 /* CDSideBarController.m in Sources */ = {isa = PBXBuildFile; fileRef = 62849EE71CDCCAE900DE71F0 /* CDSideBarController.m */; };
		62849EEB1CDCCCD100DE71F0 /* ChannelInfo.m in Sources */ = {isa = PBXBuildFile; fileRef = 62849EEA1CDCCCD100DE71F0 /* ChannelInfo.m */; };
		62849EEE1CDCCCE600DE71F0 /* NetworkManager.m in Sources */ = {isa = PBXBuildFile; fileRef = 62849EED1CDCCCE600DE71F0 /* NetworkManager.m */; };
		62849EF11CDCCD0400DE71F0 /* PlayerController.m in Sources */ = {isa = PBXBuildFile; fileRef = 62849EF01CDCCD0400DE71F0 /* PlayerController.m */; };
		62849EF41CDCCD1400DE71F0 /* ProtocolClass.m in Sources */ = {isa = PBXBuildFile; fileRef = 62849EF31CDCCD1400DE71F0 /* ProtocolClass.m */; };
		62849EF71CDCCD2400DE71F0 /* SongInfo.m in Sources */ = {isa = PBXBuildFile; fileRef = 62849EF61CDCCD2400DE71F0 /* SongInfo.m */; };
		62849EFA1CDCCD3400DE71F0 /* UserInfo.m in Sources */ = {isa = PBXBuildFile; fileRef = 62849EF91CDCCD3400DE71F0 /* UserInfo.m */; };
		62849EFD1CDCCD4200DE71F0 /* DFMPlaylist.m in Sources */ = {isa = PBXBuildFile; fileRef = 62849EFC1CDCCD4200DE71F0 /* DFMPlaylist.m */; };
		62849F001CDCCD5400DE71F0 /* DFMUpChannelsEntity.m in Sources */ = {isa = PBXBuildFile; fileRef = 62849EFF1CDCCD5400DE71F0 /* DFMUpChannelsEntity.m */; };
		62849F031CDCCD6200DE71F0 /* DFMHotChannelsEntity.m in Sources */ = {isa = PBXBuildFile; fileRef = 62849F021CDCCD6200DE71F0 /* DFMHotChannelsEntity.m */; };
		62849F061CDCCD7900DE71F0 /* DFMRecChannelsEntity.m in Sources */ = {isa = PBXBuildFile; fileRef = 62849F051CDCCD7900DE71F0 /* DFMRecChannelsEntity.m */; };
/* End PBXBuildFile section */

/* Begin PBXFileReference section */
		0E71F4EB1CDDCA790088DD98 /* SidebarController.h */ = {isa = PBXFileReference; fileEncoding = 4; lastKnownFileType = sourcecode.c.h; path = SidebarController.h; sourceTree = "<group>"; };
		0E71F4EC1CDDCA790088DD98 /* SidebarController.m */ = {isa = PBXFileReference; fileEncoding = 4; lastKnownFileType = sourcecode.c.objc; path = SidebarController.m; sourceTree = "<group>"; };
		62849EC61CDCC7FB00DE71F0 /* DBFM.app */ = {isa = PBXFileReference; explicitFileType = wrapper.application; includeInIndex = 0; path = DBFM.app; sourceTree = BUILT_PRODUCTS_DIR; };
		62849ECA1CDCC7FB00DE71F0 /* main.m */ = {isa = PBXFileReference; lastKnownFileType = sourcecode.c.objc; path = main.m; sourceTree = "<group>"; };
		62849ECC1CDCC7FB00DE71F0 /* AppDelegate.h */ = {isa = PBXFileReference; lastKnownFileType = sourcecode.c.h; path = AppDelegate.h; sourceTree = "<group>"; };
		62849ECD1CDCC7FB00DE71F0 /* AppDelegate.m */ = {isa = PBXFileReference; lastKnownFileType = sourcecode.c.objc; path = AppDelegate.m; sourceTree = "<group>"; };
		62849ECF1CDCC7FB00DE71F0 /* ViewController.h */ = {isa = PBXFileReference; lastKnownFileType = sourcecode.c.h; path = ViewController.h; sourceTree = "<group>"; };
		62849ED01CDCC7FB00DE71F0 /* ViewController.m */ = {isa = PBXFileReference; lastKnownFileType = sourcecode.c.objc; path = ViewController.m; sourceTree = "<group>"; };
		62849ED31CDCC7FB00DE71F0 /* Base */ = {isa = PBXFileReference; lastKnownFileType = file.storyboard; name = Base; path = Base.lproj/Main.storyboard; sourceTree = "<group>"; };
		62849ED51CDCC7FB00DE71F0 /* Assets.xcassets */ = {isa = PBXFileReference; lastKnownFileType = folder.assetcatalog; path = Assets.xcassets; sourceTree = "<group>"; };
		62849ED81CDCC7FB00DE71F0 /* Base */ = {isa = PBXFileReference; lastKnownFileType = file.storyboard; name = Base; path = Base.lproj/LaunchScreen.storyboard; sourceTree = "<group>"; };
		62849EDA1CDCC7FB00DE71F0 /* Info.plist */ = {isa = PBXFileReference; lastKnownFileType = text.plist.xml; path = Info.plist; sourceTree = "<group>"; };
		62849EE01CDCC90200DE71F0 /* MediaPlayer.framework */ = {isa = PBXFileReference; lastKnownFileType = wrapper.framework; name = MediaPlayer.framework; path = System/Library/Frameworks/MediaPlayer.framework; sourceTree = SDKROOT; };
		62849EE61CDCCAE900DE71F0 /* CDSideBarController.h */ = {isa = PBXFileReference; fileEncoding = 4; lastKnownFileType = sourcecode.c.h; path = CDSideBarController.h; sourceTree = "<group>"; };
		62849EE71CDCCAE900DE71F0 /* CDSideBarController.m */ = {isa = PBXFileReference; fileEncoding = 4; lastKnownFileType = sourcecode.c.objc; path = CDSideBarController.m; sourceTree = "<group>"; };
		62849EE91CDCCCD100DE71F0 /* ChannelInfo.h */ = {isa = PBXFileReference; fileEncoding = 4; lastKnownFileType = sourcecode.c.h; path = ChannelInfo.h; sourceTree = "<group>"; };
		62849EEA1CDCCCD100DE71F0 /* ChannelInfo.m */ = {isa = PBXFileReference; fileEncoding = 4; lastKnownFileType = sourcecode.c.objc; path = ChannelInfo.m; sourceTree = "<group>"; };
		62849EEC1CDCCCE600DE71F0 /* NetworkManager.h */ = {isa = PBXFileReference; fileEncoding = 4; lastKnownFileType = sourcecode.c.h; path = NetworkManager.h; sourceTree = "<group>"; };
		62849EED1CDCCCE600DE71F0 /* NetworkManager.m */ = {isa = PBXFileReference; fileEncoding = 4; lastKnownFileType = sourcecode.c.objc; path = NetworkManager.m; sourceTree = "<group>"; };
		62849EEF1CDCCD0300DE71F0 /* PlayerController.h */ = {isa = PBXFileReference; fileEncoding = 4; lastKnownFileType = sourcecode.c.h; path = PlayerController.h; sourceTree = "<group>"; };
		62849EF01CDCCD0400DE71F0 /* PlayerController.m */ = {isa = PBXFileReference; fileEncoding = 4; lastKnownFileType = sourcecode.c.objc; path = PlayerController.m; sourceTree = "<group>"; };
		62849EF21CDCCD1400DE71F0 /* ProtocolClass.h */ = {isa = PBXFileReference; fileEncoding = 4; lastKnownFileType = sourcecode.c.h; path = ProtocolClass.h; sourceTree = "<group>"; };
		62849EF31CDCCD1400DE71F0 /* ProtocolClass.m */ = {isa = PBXFileReference; fileEncoding = 4; lastKnownFileType = sourcecode.c.objc; path = ProtocolClass.m; sourceTree = "<group>"; };
		62849EF51CDCCD2400DE71F0 /* SongInfo.h */ = {isa = PBXFileReference; fileEncoding = 4; lastKnownFileType = sourcecode.c.h; path = SongInfo.h; sourceTree = "<group>"; };
		62849EF61CDCCD2400DE71F0 /* SongInfo.m */ = {isa = PBXFileReference; fileEncoding = 4; lastKnownFileType = sourcecode.c.objc; path = SongInfo.m; sourceTree = "<group>"; };
		62849EF81CDCCD3400DE71F0 /* UserInfo.h */ = {isa = PBXFileReference; fileEncoding = 4; lastKnownFileType = sourcecode.c.h; path = UserInfo.h; sourceTree = "<group>"; };
		62849EF91CDCCD3400DE71F0 /* UserInfo.m */ = {isa = PBXFileReference; fileEncoding = 4; lastKnownFileType = sourcecode.c.objc; path = UserInfo.m; sourceTree = "<group>"; };
		62849EFB1CDCCD4200DE71F0 /* DFMPlaylist.h */ = {isa = PBXFileReference; fileEncoding = 4; lastKnownFileType = sourcecode.c.h; path = DFMPlaylist.h; sourceTree = "<group>"; };
		62849EFC1CDCCD4200DE71F0 /* DFMPlaylist.m */ = {isa = PBXFileReference; fileEncoding = 4; lastKnownFileType = sourcecode.c.objc; path = DFMPlaylist.m; sourceTree = "<group>"; };
		62849EFE1CDCCD5400DE71F0 /* DFMUpChannelsEntity.h */ = {isa = PBXFileReference; fileEncoding = 4; lastKnownFileType = sourcecode.c.h; path = DFMUpChannelsEntity.h; sourceTree = "<group>"; };
		62849EFF1CDCCD5400DE71F0 /* DFMUpChannelsEntity.m */ = {isa = PBXFileReference; fileEncoding = 4; lastKnownFileType = sourcecode.c.objc; path = DFMUpChannelsEntity.m; sourceTree = "<group>"; };
		62849F011CDCCD6200DE71F0 /* DFMHotChannelsEntity.h */ = {isa = PBXFileReference; fileEncoding = 4; lastKnownFileType = sourcecode.c.h; path = DFMHotChannelsEntity.h; sourceTree = "<group>"; };
		62849F021CDCCD6200DE71F0 /* DFMHotChannelsEntity.m */ = {isa = PBXFileReference; fileEncoding = 4; lastKnownFileType = sourcecode.c.objc; path = DFMHotChannelsEntity.m; sourceTree = "<group>"; };
		62849F041CDCCD7900DE71F0 /* DFMRecChannelsEntity.h */ = {isa = PBXFileReference; fileEncoding = 4; lastKnownFileType = sourcecode.c.h; path = DFMRecChannelsEntity.h; sourceTree = "<group>"; };
		62849F051CDCCD7900DE71F0 /* DFMRecChannelsEntity.m */ = {isa = PBXFileReference; fileEncoding = 4; lastKnownFileType = sourcecode.c.objc; path = DFMRecChannelsEntity.m; sourceTree = "<group>"; };
		682DBC7C84E314C7AF4A56F0 /* libPods-DBFM.a */ = {isa = PBXFileReference; explicitFileType = archive.ar; includeInIndex = 0; path = "libPods-DBFM.a"; sourceTree = BUILT_PRODUCTS_DIR; };
		7D3E62E1A2CAD706754FB1C5 /* Pods-DBFM.debug.xcconfig */ = {isa = PBXFileReference; includeInIndex = 1; lastKnownFileType = text.xcconfig; name = "Pods-DBFM.debug.xcconfig"; path = "Pods/Target Support Files/Pods-DBFM/Pods-DBFM.debug.xcconfig"; sourceTree = "<group>"; };
		FA7C1411AA00C768C4CA582D /* Pods-DBFM.release.xcconfig */ = {isa = PBXFileReference; includeInIndex = 1; lastKnownFileType = text.xcconfig; name = "Pods-DBFM.release.xcconfig"; path = "Pods/Target Support Files/Pods-DBFM/Pods-DBFM.release.xcconfig"; sourceTree = "<group>"; };
/* End PBXFileReference section */

/* Begin PBXFrameworksBuildPhase section */
		62849EC31CDCC7FB00DE71F0 /* Frameworks */ = {
			isa = PBXFrameworksBuildPhase;
			buildActionMask = 2147483647;
			files = (
				62849EE11CDCC90200DE71F0 /* MediaPlayer.framework in Frameworks */,
				598D49222B8181294CC0D510 /* libPods-DBFM.a in Frameworks */,
			);
			runOnlyForDeploymentPostprocessing = 0;
		};
/* End PBXFrameworksBuildPhase section */

/* Begin PBXGroup section */
		2321014DF3DA2D97E25032B0 /* Pods */ = {
			isa = PBXGroup;
			children = (
				7D3E62E1A2CAD706754FB1C5 /* Pods-DBFM.debug.xcconfig */,
				FA7C1411AA00C768C4CA582D /* Pods-DBFM.release.xcconfig */,
			);
			name = Pods;
			sourceTree = "<group>";
		};
		62849EBD1CDCC7FB00DE71F0 = {
			isa = PBXGroup;
			children = (
				62849EE21CDCCA7D00DE71F0 /* CDSideBarController */,
				62849EC81CDCC7FB00DE71F0 /* DBFM */,
				62849EC71CDCC7FB00DE71F0 /* Products */,
				2321014DF3DA2D97E25032B0 /* Pods */,
				F9191C8BD9CF377D7C78F584 /* Frameworks */,
			);
			sourceTree = "<group>";
		};
		62849EC71CDCC7FB00DE71F0 /* Products */ = {
			isa = PBXGroup;
			children = (
				62849EC61CDCC7FB00DE71F0 /* DBFM.app */,
			);
			name = Products;
			sourceTree = "<group>";
		};
		62849EC81CDCC7FB00DE71F0 /* DBFM */ = {
			isa = PBXGroup;
			children = (
				62849EE31CDCCA9400DE71F0 /* Controller */,
				62849EE41CDCCAA200DE71F0 /* Model */,
				62849EE51CDCCAA900DE71F0 /* View */,
				62849ECC1CDCC7FB00DE71F0 /* AppDelegate.h */,
				62849ECD1CDCC7FB00DE71F0 /* AppDelegate.m */,
				62849ECF1CDCC7FB00DE71F0 /* ViewController.h */,
				62849ED01CDCC7FB00DE71F0 /* ViewController.m */,
				62849ED21CDCC7FB00DE71F0 /* Main.storyboard */,
				62849ED51CDCC7FB00DE71F0 /* Assets.xcassets */,
				62849ED71CDCC7FB00DE71F0 /* LaunchScreen.storyboard */,
				62849EDA1CDCC7FB00DE71F0 /* Info.plist */,
				62849EC91CDCC7FB00DE71F0 /* Supporting Files */,
			);
			path = DBFM;
			sourceTree = "<group>";
		};
		62849EC91CDCC7FB00DE71F0 /* Supporting Files */ = {
			isa = PBXGroup;
			children = (
				62849ECA1CDCC7FB00DE71F0 /* main.m */,
			);
			name = "Supporting Files";
			sourceTree = "<group>";
		};
		62849EE21CDCCA7D00DE71F0 /* CDSideBarController */ = {
			isa = PBXGroup;
			children = (
				62849EE61CDCCAE900DE71F0 /* CDSideBarController.h */,
				62849EE71CDCCAE900DE71F0 /* CDSideBarController.m */,
			);
			name = CDSideBarController;
			sourceTree = "<group>";
		};
		62849EE31CDCCA9400DE71F0 /* Controller */ = {
			isa = PBXGroup;
			children = (
				0E71F4EB1CDDCA790088DD98 /* SidebarController.h */,
				0E71F4EC1CDDCA790088DD98 /* SidebarController.m */,
			);
			name = Controller;
			sourceTree = "<group>";
		};
		62849EE41CDCCAA200DE71F0 /* Model */ = {
			isa = PBXGroup;
			children = (
				62849EE91CDCCCD100DE71F0 /* ChannelInfo.h */,
				62849EEA1CDCCCD100DE71F0 /* ChannelInfo.m */,
				62849EEC1CDCCCE600DE71F0 /* NetworkManager.h */,
				62849EED1CDCCCE600DE71F0 /* NetworkManager.m */,
				62849EEF1CDCCD0300DE71F0 /* PlayerController.h */,
				62849EF01CDCCD0400DE71F0 /* PlayerController.m */,
				62849EF21CDCCD1400DE71F0 /* ProtocolClass.h */,
				62849EF31CDCCD1400DE71F0 /* ProtocolClass.m */,
				62849EF51CDCCD2400DE71F0 /* SongInfo.h */,
				62849EF61CDCCD2400DE71F0 /* SongInfo.m */,
				62849EF81CDCCD3400DE71F0 /* UserInfo.h */,
				62849EF91CDCCD3400DE71F0 /* UserInfo.m */,
				62849EFB1CDCCD4200DE71F0 /* DFMPlaylist.h */,
				62849EFC1CDCCD4200DE71F0 /* DFMPlaylist.m */,
				62849EFE1CDCCD5400DE71F0 /* DFMUpChannelsEntity.h */,
				62849EFF1CDCCD5400DE71F0 /* DFMUpChannelsEntity.m */,
				62849F011CDCCD6200DE71F0 /* DFMHotChannelsEntity.h */,
				62849F021CDCCD6200DE71F0 /* DFMHotChannelsEntity.m */,
				62849F041CDCCD7900DE71F0 /* DFMRecChannelsEntity.h */,
				62849F051CDCCD7900DE71F0 /* DFMRecChannelsEntity.m */,
			);
			name = Model;
			sourceTree = "<group>";
		};
		62849EE51CDCCAA900DE71F0 /* View */ = {
			isa = PBXGroup;
			children = (
			);
			name = View;
			sourceTree = "<group>";
		};
		F9191C8BD9CF377D7C78F584 /* Frameworks */ = {
			isa = PBXGroup;
			children = (
				62849EE01CDCC90200DE71F0 /* MediaPlayer.framework */,
				682DBC7C84E314C7AF4A56F0 /* libPods-DBFM.a */,
			);
			name = Frameworks;
			sourceTree = "<group>";
		};
/* End PBXGroup section */

/* Begin PBXNativeTarget section */
		62849EC51CDCC7FB00DE71F0 /* DBFM */ = {
			isa = PBXNativeTarget;
			buildConfigurationList = 62849EDD1CDCC7FB00DE71F0 /* Build configuration list for PBXNativeTarget "DBFM" */;
			buildPhases = (
				E93AB01363A83352078FD5E7 /* 📦 Check Pods Manifest.lock */,
				62849EC21CDCC7FB00DE71F0 /* Sources */,
				62849EC31CDCC7FB00DE71F0 /* Frameworks */,
				62849EC41CDCC7FB00DE71F0 /* Resources */,
				79ADB861AD5FD4091E8AE8F9 /* 📦 Embed Pods Frameworks */,
				7DA53B87AE074F6A27FD6478 /* 📦 Copy Pods Resources */,
			);
			buildRules = (
			);
			dependencies = (
			);
			name = DBFM;
			productName = DBFM;
			productReference = 62849EC61CDCC7FB00DE71F0 /* DBFM.app */;
			productType = "com.apple.product-type.application";
		};
/* End PBXNativeTarget section */

/* Begin PBXProject section */
		62849EBE1CDCC7FB00DE71F0 /* Project object */ = {
			isa = PBXProject;
			attributes = {
				LastUpgradeCheck = 0720;
				ORGANIZATIONNAME = "何健";
				TargetAttributes = {
					62849EC51CDCC7FB00DE71F0 = {
						CreatedOnToolsVersion = 7.2.1;
					};
				};
			};
			buildConfigurationList = 62849EC11CDCC7FB00DE71F0 /* Build configuration list for PBXProject "DBFM" */;
			compatibilityVersion = "Xcode 3.2";
			developmentRegion = English;
			hasScannedForEncodings = 0;
			knownRegions = (
				en,
				Base,
			);
			mainGroup = 62849EBD1CDCC7FB00DE71F0;
			productRefGroup = 62849EC71CDCC7FB00DE71F0 /* Products */;
			projectDirPath = "";
			projectRoot = "";
			targets = (
				62849EC51CDCC7FB00DE71F0 /* DBFM */,
			);
		};
/* End PBXProject section */

/* Begin PBXResourcesBuildPhase section */
		62849EC41CDCC7FB00DE71F0 /* Resources */ = {
			isa = PBXResourcesBuildPhase;
			buildActionMask = 2147483647;
			files = (
				62849ED91CDCC7FB00DE71F0 /* LaunchScreen.storyboard in Resources */,
				62849ED61CDCC7FB00DE71F0 /* Assets.xcassets in Resources */,
				62849ED41CDCC7FB00DE71F0 /* Main.storyboard in Resources */,
			);
			runOnlyForDeploymentPostprocessing = 0;
		};
/* End PBXResourcesBuildPhase section */

/* Begin PBXShellScriptBuildPhase section */
		79ADB861AD5FD4091E8AE8F9 /* 📦 Embed Pods Frameworks */ = {
			isa = PBXShellScriptBuildPhase;
			buildActionMask = 2147483647;
			files = (
			);
			inputPaths = (
			);
			name = "📦 Embed Pods Frameworks";
			outputPaths = (
			);
			runOnlyForDeploymentPostprocessing = 0;
			shellPath = /bin/sh;
			shellScript = "\"${SRCROOT}/Pods/Target Support Files/Pods-DBFM/Pods-DBFM-frameworks.sh\"\n";
			showEnvVarsInLog = 0;
		};
		7DA53B87AE074F6A27FD6478 /* 📦 Copy Pods Resources */ = {
			isa = PBXShellScriptBuildPhase;
			buildActionMask = 2147483647;
			files = (
			);
			inputPaths = (
			);
			name = "📦 Copy Pods Resources";
			outputPaths = (
			);
			runOnlyForDeploymentPostprocessing = 0;
			shellPath = /bin/sh;
			shellScript = "\"${SRCROOT}/Pods/Target Support Files/Pods-DBFM/Pods-DBFM-resources.sh\"\n";
			showEnvVarsInLog = 0;
		};
		E93AB01363A83352078FD5E7 /* 📦 Check Pods Manifest.lock */ = {
			isa = PBXShellScriptBuildPhase;
			buildActionMask = 2147483647;
			files = (
			);
			inputPaths = (
			);
			name = "📦 Check Pods Manifest.lock";
			outputPaths = (
			);
			runOnlyForDeploymentPostprocessing = 0;
			shellPath = /bin/sh;
			shellScript = "diff \"${PODS_ROOT}/../Podfile.lock\" \"${PODS_ROOT}/Manifest.lock\" > /dev/null\nif [[ $? != 0 ]] ; then\n    cat << EOM\nerror: The sandbox is not in sync with the Podfile.lock. Run 'pod install' or update your CocoaPods installation.\nEOM\n    exit 1\nfi\n";
			showEnvVarsInLog = 0;
		};
/* End PBXShellScriptBuildPhase section */

/* Begin PBXSourcesBuildPhase section */
		62849EC21CDCC7FB00DE71F0 /* Sources */ = {
			isa = PBXSourcesBuildPhase;
			buildActionMask = 2147483647;
			files = (
				62849ED11CDCC7FB00DE71F0 /* ViewController.m in Sources */,
				0E71F4ED1CDDCA790088DD98 /* SidebarController.m in Sources */,
				62849EE81CDCCAE900DE71F0 /* CDSideBarController.m in Sources */,
				62849EF41CDCCD1400DE71F0 /* ProtocolClass.m in Sources */,
				62849EFD1CDCCD4200DE71F0 /* DFMPlaylist.m in Sources */,
				62849ECE1CDCC7FB00DE71F0 /* AppDelegate.m in Sources */,
				62849F031CDCCD6200DE71F0 /* DFMHotChannelsEntity.m in Sources */,
				62849EEB1CDCCCD100DE71F0 /* ChannelInfo.m in Sources */,
				62849EF71CDCCD2400DE71F0 /* SongInfo.m in Sources */,
				62849EF11CDCCD0400DE71F0 /* PlayerController.m in Sources */,
				62849EEE1CDCCCE600DE71F0 /* NetworkManager.m in Sources */,
				62849F001CDCCD5400DE71F0 /* DFMUpChannelsEntity.m in Sources */,
				62849EFA1CDCCD3400DE71F0 /* UserInfo.m in Sources */,
				62849ECB1CDCC7FB00DE71F0 /* main.m in Sources */,
				62849F061CDCCD7900DE71F0 /* DFMRecChannelsEntity.m in Sources */,
			);
			runOnlyForDeploymentPostprocessing = 0;
		};
/* End PBXSourcesBuildPhase section */

/* Begin PBXVariantGroup section */
		62849ED21CDCC7FB00DE71F0 /* Main.storyboard */ = {
			isa = PBXVariantGroup;
			children = (
				62849ED31CDCC7FB00DE71F0 /* Base */,
			);
			name = Main.storyboard;
			sourceTree = "<group>";
		};
		62849ED71CDCC7FB00DE71F0 /* LaunchScreen.storyboard */ = {
			isa = PBXVariantGroup;
			children = (
				62849ED81CDCC7FB00DE71F0 /* Base */,
			);
			name = LaunchScreen.storyboard;
			sourceTree = "<group>";
		};
/* End PBXVariantGroup section */

/* Begin XCBuildConfiguration section */
		62849EDB1CDCC7FB00DE71F0 /* Debug */ = {
			isa = XCBuildConfiguration;
			buildSettings = {
				ALWAYS_SEARCH_USER_PATHS = NO;
				CLANG_CXX_LANGUAGE_STANDARD = "gnu++0x";
				CLANG_CXX_LIBRARY = "libc++";
				CLANG_ENABLE_MODULES = YES;
				CLANG_ENABLE_OBJC_ARC = YES;
				CLANG_WARN_BOOL_CONVERSION = YES;
				CLANG_WARN_CONSTANT_CONVERSION = YES;
				CLANG_WARN_DIRECT_OBJC_ISA_USAGE = YES_ERROR;
				CLANG_WARN_EMPTY_BODY = YES;
				CLANG_WARN_ENUM_CONVERSION = YES;
				CLANG_WARN_INT_CONVERSION = YES;
				CLANG_WARN_OBJC_ROOT_CLASS = YES_ERROR;
				CLANG_WARN_UNREACHABLE_CODE = YES;
				CLANG_WARN__DUPLICATE_METHOD_MATCH = YES;
				"CODE_SIGN_IDENTITY[sdk=iphoneos*]" = "iPhone Developer";
				COPY_PHASE_STRIP = NO;
				DEBUG_INFORMATION_FORMAT = dwarf;
				ENABLE_STRICT_OBJC_MSGSEND = YES;
				ENABLE_TESTABILITY = YES;
				GCC_C_LANGUAGE_STANDARD = gnu99;
				GCC_DYNAMIC_NO_PIC = NO;
				GCC_NO_COMMON_BLOCKS = YES;
				GCC_OPTIMIZATION_LEVEL = 0;
				GCC_PREPROCESSOR_DEFINITIONS = (
					"DEBUG=1",
					"$(inherited)",
				);
				GCC_WARN_64_TO_32_BIT_CONVERSION = YES;
				GCC_WARN_ABOUT_RETURN_TYPE = YES_ERROR;
				GCC_WARN_UNDECLARED_SELECTOR = YES;
				GCC_WARN_UNINITIALIZED_AUTOS = YES_AGGRESSIVE;
				GCC_WARN_UNUSED_FUNCTION = YES;
				GCC_WARN_UNUSED_VARIABLE = YES;
				IPHONEOS_DEPLOYMENT_TARGET = 9.2;
				MTL_ENABLE_DEBUG_INFO = YES;
				ONLY_ACTIVE_ARCH = YES;
				SDKROOT = iphoneos;
				TARGETED_DEVICE_FAMILY = "1,2";
			};
			name = Debug;
		};
		62849EDC1CDCC7FB00DE71F0 /* Release */ = {
			isa = XCBuildConfiguration;
			buildSettings = {
				ALWAYS_SEARCH_USER_PATHS = NO;
				CLANG_CXX_LANGUAGE_STANDARD = "gnu++0x";
				CLANG_CXX_LIBRARY = "libc++";
				CLANG_ENABLE_MODULES = YES;
				CLANG_ENABLE_OBJC_ARC = YES;
				CLANG_WARN_BOOL_CONVERSION = YES;
				CLANG_WARN_CONSTANT_CONVERSION = YES;
				CLANG_WARN_DIRECT_OBJC_ISA_USAGE = YES_ERROR;
				CLANG_WARN_EMPTY_BODY = YES;
				CLANG_WARN_ENUM_CONVERSION = YES;
				CLANG_WARN_INT_CONVERSION = YES;
				CLANG_WARN_OBJC_ROOT_CLASS = YES_ERROR;
				CLANG_WARN_UNREACHABLE_CODE = YES;
				CLANG_WARN__DUPLICATE_METHOD_MATCH = YES;
				"CODE_SIGN_IDENTITY[sdk=iphoneos*]" = "iPhone Developer";
				COPY_PHASE_STRIP = NO;
				DEBUG_INFORMATION_FORMAT = "dwarf-with-dsym";
				ENABLE_NS_ASSERTIONS = NO;
				ENABLE_STRICT_OBJC_MSGSEND = YES;
				GCC_C_LANGUAGE_STANDARD = gnu99;
				GCC_NO_COMMON_BLOCKS = YES;
				GCC_WARN_64_TO_32_BIT_CONVERSION = YES;
				GCC_WARN_ABOUT_RETURN_TYPE = YES_ERROR;
				GCC_WARN_UNDECLARED_SELECTOR = YES;
				GCC_WARN_UNINITIALIZED_AUTOS = YES_AGGRESSIVE;
				GCC_WARN_UNUSED_FUNCTION = YES;
				GCC_WARN_UNUSED_VARIABLE = YES;
				IPHONEOS_DEPLOYMENT_TARGET = 9.2;
				MTL_ENABLE_DEBUG_INFO = NO;
				SDKROOT = iphoneos;
				TARGETED_DEVICE_FAMILY = "1,2";
				VALIDATE_PRODUCT = YES;
			};
			name = Release;
		};
		62849EDE1CDCC7FB00DE71F0 /* Debug */ = {
			isa = XCBuildConfiguration;
			baseConfigurationReference = 7D3E62E1A2CAD706754FB1C5 /* Pods-DBFM.debug.xcconfig */;
			buildSettings = {
				ASSETCATALOG_COMPILER_APPICON_NAME = AppIcon;
				INFOPLIST_FILE = DBFM/Info.plist;
				LD_RUNPATH_SEARCH_PATHS = "$(inherited) @executable_path/Frameworks";
				PRODUCT_BUNDLE_IDENTIFIER = zhz.DBFM;
				PRODUCT_NAME = "$(TARGET_NAME)";
			};
			name = Debug;
		};
		62849EDF1CDCC7FB00DE71F0 /* Release */ = {
			isa = XCBuildConfiguration;
			baseConfigurationReference = FA7C1411AA00C768C4CA582D /* Pods-DBFM.release.xcconfig */;
			buildSettings = {
				ASSETCATALOG_COMPILER_APPICON_NAME = AppIcon;
				INFOPLIST_FILE = DBFM/Info.plist;
				LD_RUNPATH_SEARCH_PATHS = "$(inherited) @executable_path/Frameworks";
				PRODUCT_BUNDLE_IDENTIFIER = zhz.DBFM;
				PRODUCT_NAME = "$(TARGET_NAME)";
			};
			name = Release;
		};
/* End XCBuildConfiguration section */

/* Begin XCConfigurationList section */
		62849EC11CDCC7FB00DE71F0 /* Build configuration list for PBXProject "DBFM" */ = {
			isa = XCConfigurationList;
			buildConfigurations = (
				62849EDB1CDCC7FB00DE71F0 /* Debug */,
				62849EDC1CDCC7FB00DE71F0 /* Release */,
			);
			defaultConfigurationIsVisible = 0;
			defaultConfigurationName = Release;
		};
		62849EDD1CDCC7FB00DE71F0 /* Build configuration list for PBXNativeTarget "DBFM" */ = {
			isa = XCConfigurationList;
			buildConfigurations = (
				62849EDE1CDCC7FB00DE71F0 /* Debug */,
				62849EDF1CDCC7FB00DE71F0 /* Release */,
			);
			defaultConfigurationIsVisible = 0;
			defaultConfigurationName = Release;
		};
/* End XCConfigurationList section */
	};
	rootObject = 62849EBE1CDCC7FB00DE71F0 /* Project object */;
}
